
Microsoft Visual Studio Solution File, Format Version 12.00
# Visual Studio Version 17
VisualStudioVersion = 17.7.34031.279
MinimumVisualStudioVersion = 10.0.40219.1
Project("{FAE04EC0-301F-11D3-BF4B-00C04F79EFBC}") = "ConsoleAppLesson01", "ConsoleAppLesson01.csproj", "{F1073E0D-F171-463B-B56D-51FC2D9BBCCD}"
EndProject
Global
	GlobalSection(SolutionConfigurationPlatforms) = preSolution
		Debug|Any CPU = Debug|Any CPU
		Release|Any CPU = Release|Any CPU
	EndGlobalSection
	GlobalSection(ProjectConfigurationPlatforms) = postSolution
		{F1073E0D-F171-463B-B56D-51FC2D9BBCCD}.Debug|Any CPU.ActiveCfg = Debug|Any CPU
		{F1073E0D-F171-463B-B56D-51FC2D9BBCCD}.Debug|Any CPU.Build.0 = Debug|Any CPU
		{F1073E0D-F171-463B-B56D-51FC2D9BBCCD}.Release|Any CPU.ActiveCfg = Release|Any CPU
		{F1073E0D-F171-463B-B56D-51FC2D9BBCCD}.Release|Any CPU.Build.0 = Release|Any CPU
	EndGlobalSection
	GlobalSection(SolutionProperties) = preSolution
		HideSolutionNode = FALSE
	EndGlobalSection
	GlobalSection(ExtensibilityGlobals) = postSolution
		SolutionGuid = {981DE19B-8D81-451D-AD0A-81BAD2DFC349}
	EndGlobalSection
EndGlobal
